
Microsoft Visual Studio Solution File, Format Version 12.00
# Visual Studio Version 17
VisualStudioVersion = 17.3.32825.248
MinimumVisualStudioVersion = 10.0.40219.1
Project("{FAE04EC0-301F-11D3-BF4B-00C04F79EFBC}") = "zgadywanieliczb", "zgadywanieliczb\zgadywanieliczb.csproj", "{AFB52E45-B19B-4149-8598-05F8690EC39E}"
EndProject
Global
	GlobalSection(SolutionConfigurationPlatforms) = preSolution
		Debug|Any CPU = Debug|Any CPU
		Release|Any CPU = Release|Any CPU
	EndGlobalSection
	GlobalSection(ProjectConfigurationPlatforms) = postSolution
		{AFB52E45-B19B-4149-8598-05F8690EC39E}.Debug|Any CPU.ActiveCfg = Debug|Any CPU
		{AFB52E45-B19B-4149-8598-05F8690EC39E}.Debug|Any CPU.Build.0 = Debug|Any CPU
		{AFB52E45-B19B-4149-8598-05F8690EC39E}.Release|Any CPU.ActiveCfg = Release|Any CPU
		{AFB52E45-B19B-4149-8598-05F8690EC39E}.Release|Any CPU.Build.0 = Release|Any CPU
	EndGlobalSection
	GlobalSection(SolutionProperties) = preSolution
		HideSolutionNode = FALSE
	EndGlobalSection
	GlobalSection(ExtensibilityGlobals) = postSolution
		SolutionGuid = {DBBC67E7-FFAD-41E6-82ED-446CFBBB8DFB}
	EndGlobalSection
EndGlobal
